<?xml version="1.0" encoding="utf-8"?>
<Project ToolsVersion="4.0" xmlns="http://schemas.microsoft.com/developer/msbuild/2003">
  <ItemGroup>
    <Filter Include="Source Files">
      <UniqueIdentifier>{4FC737F1-C7A5-4376-A066-2A32D752A2FF}</UniqueIdentifier>
      <Extensions>cpp;c;cc;cxx;c++;def;odl;idl;hpj;bat;asm;asmx</Extensions>
    </Filter>
    <Filter Include="Header Files">
      <UniqueIdentifier>{93995380-89BD-4b04-88EB-625FBE52EBFB}</UniqueIdentifier>
      <Extensions>h;hh;hpp;hxx;h++;hm;inl;inc;ipp;xsd</Extensions>
    </Filter>
    <Filter Include="Resource Files">
      <UniqueIdentifier>{67DA6AB6-F800-4c08-8B7A-83BB121AAD01}</UniqueIdentifier>
      <Extensions>rc;ico;cur;bmp;dlg;rc2;rct;bin;rgs;gif;jpg;jpeg;jpe;resx;tiff;tif;png;wav;mfcribbon-ms</Extensions>
    </Filter>
  </ItemGroup>
  <ItemGroup>
    <ClCompile Include="Src\main.cpp">
      <Filter>Source Files</Filter>
    </ClCompile>
    <ClCompile Include="Src\Game\Game.cpp">
      <Filter>Source Files</Filter>
    </ClCompile>
    <ClCompile Include="Src\Program.cpp">
      <Filter>Source Files</Filter>
    </ClCompile>
    <ClCompile Include="Src\GeneralManagers\TextureManager.cpp">
      <Filter>Source Files</Filter>
    </ClCompile>
    <ClCompile Include="Src\ProgramUtils\Scale.cpp">
      <Filter>Source Files</Filter>
    </ClCompile>
    <ClCompile Include="Src\Game\SpawnEntity.cpp">
      <Filter>Source Files</Filter>
    </ClCompile>
    <ClCompile Include="Src\Game\Managers\SystemManager.cpp">
      <Filter>Source Files</Filter>
    </ClCompile>
    <ClCompile Include="Src\Game\Systems\SpriteSystem.cpp">
      <Filter>Source Files</Filter>
    </ClCompile>
    <ClCompile Include="Src\ProgramUtils\ProgramInfo.cpp">
      <Filter>Source Files</Filter>
    </ClCompile>
    <ClCompile Include="Src\Game\Components\Sprite\TankSpriteComponent.cpp">
      <Filter>Source Files</Filter>
    </ClCompile>
    <ClCompile Include="Src\Game\Components\Transform\TankTransformComponent.cpp">
      <Filter>Source Files</Filter>
    </ClCompile>
    <ClCompile Include="Src\Game\Components\Control\PlayerControlComponent.cpp">
      <Filter>Source Files</Filter>
    </ClCompile>
    <ClCompile Include="Src\Game\Systems\InputSystem.cpp">
      <Filter>Source Files</Filter>
    </ClCompile>
    <ClCompile Include="Src\Game\Systems\MovementSystem.cpp">
      <Filter>Source Files</Filter>
    </ClCompile>
    <ClCompile Include="Src\ProgramUtils\MinorUtils.cpp">
      <Filter>Source Files</Filter>
    </ClCompile>
    <ClCompile Include="Src\Game\Managers\ArenaManager.cpp">
      <Filter>Source Files</Filter>
    </ClCompile>
    <ClCompile Include="Src\Game\Components\Arena\LevelComponent.cpp">
      <Filter>Source Files</Filter>
    </ClCompile>
    <ClCompile Include="Src\Game\Components\Sprite\LevelSpriteComponent.cpp">
      <Filter>Source Files</Filter>
    </ClCompile>
    <ClCompile Include="Src\Game\Managers\CameraManager.cpp">
      <Filter>Source Files</Filter>
    </ClCompile>
    <ClCompile Include="Src\Game\Systems\CollisionSystem.cpp">
      <Filter>Source Files</Filter>
    </ClCompile>
    <ClCompile Include="Src\UI\Elements\CursorElement.cpp">
      <Filter>Source Files</Filter>
    </ClCompile>
    <ClCompile Include="Src\UI\UI.cpp">
      <Filter>Source Files</Filter>
    </ClCompile>
    <ClCompile Include="Src\UI\Managers\ElementManager.cpp">
      <Filter>Source Files</Filter>
    </ClCompile>
    <ClCompile Include="Src\Game\Events\SpriteRescaleEvent.cpp">
      <Filter>Source Files</Filter>
    </ClCompile>
    <ClCompile Include="Src\Game\Systems\TurretSystem.cpp">
      <Filter>Source Files</Filter>
    </ClCompile>
    <ClCompile Include="Src\Game\Components\Tank\TurretComponent.cpp">
      <Filter>Source Files</Filter>
    </ClCompile>
    <ClCompile Include="Src\Game\Components\Sprite\ProjectileSpriteComponent.cpp">
      <Filter>Source Files</Filter>
    </ClCompile>
    <ClCompile Include="Src\Game\Components\Transform\ProjectileTransformComponent.cpp">
      <Filter>Source Files</Filter>
    </ClCompile>
    <ClCompile Include="Src\Game\Components\Tank\ProjectileComponent.cpp">
      <Filter>Source Files</Filter>
    </ClCompile>
    <ClCompile Include="Src\Game\Systems\ProjectileSystem.cpp">
      <Filter>Source Files</Filter>
    </ClCompile>
    <ClCompile Include="Src\Events\InGameCursorEvent.cpp">
      <Filter>Source Files</Filter>
    </ClCompile>
    <ClCompile Include="Src\Game\Systems\CrosshairSystem.cpp">
      <Filter>Source Files</Filter>
    </ClCompile>
    <ClCompile Include="Src\Game\Systems\HUDSystem.cpp">
      <Filter>Source Files</Filter>
    </ClCompile>
    <ClCompile Include="Src\Game\Components\Arena\HUDComponent.cpp">
      <Filter>Source Files</Filter>
    </ClCompile>
    <ClCompile Include="Src\Events\GameSettingEvent.cpp">
      <Filter>Source Files</Filter>
    </ClCompile>
    <ClCompile Include="Src\Game\Managers\AIManager.cpp">
      <Filter>Source Files</Filter>
    </ClCompile>
    <ClCompile Include="Src\Game\AI\AIProcessor.cpp">
      <Filter>Source Files</Filter>
    </ClCompile>
    <ClCompile Include="Src\Game\Components\Control\AIControlComponent.cpp">
      <Filter>Source Files</Filter>
    </ClCompile>
    <ClCompile Include="Src\Game\AI\AIHandle.cpp">
      <Filter>Source Files</Filter>
    </ClCompile>
    <ClCompile Include="Src\Game\Components\Collider\TankColliderComponent.cpp">
      <Filter>Source Files</Filter>
    </ClCompile>
    <ClCompile Include="Src\Events\UISettingEvent.cpp">
      <Filter>Source Files</Filter>
    </ClCompile>
    <ClCompile Include="Src\UI\Elements\SpriteElement.cpp">
      <Filter>Source Files</Filter>
    </ClCompile>
    <ClCompile Include="Src\UI\Events\UIRescaleEvent.cpp">
      <Filter>Source Files</Filter>
    </ClCompile>
    <ClCompile Include="Src\UI\Elements\ButtonElements\ButtonElement.cpp">
      <Filter>Source Files</Filter>
    </ClCompile>
    <ClCompile Include="Src\UI\Managers\InputManager.cpp">
      <Filter>Source Files</Filter>
    </ClCompile>
    <ClCompile Include="Src\UI\Elements\ButtonElements\PlayButtonElement.cpp">
      <Filter>Source Files</Filter>
    </ClCompile>
    <ClCompile Include="Src\UI\Events\InputEvent.cpp">
      <Filter>Source Files</Filter>
    </ClCompile>
    <ClCompile Include="Src\UI\Elements\ButtonElements\HowToPlayButtonElement.cpp">
      <Filter>Source Files</Filter>
    </ClCompile>
    <ClCompile Include="Src\Game\Systems\EndGameSystem.cpp">
      <Filter>Source Files</Filter>
    </ClCompile>
    <ClCompile Include="Src\Game\Components\Arena\EndGameComponent.cpp">
      <Filter>Source Files</Filter>
    </ClCompile>
    <ClCompile Include="Src\UI\Elements\ButtonElements\ExitButtonElement.cpp">
      <Filter>Source Files</Filter>
    </ClCompile>
    <ClCompile Include="Src\UI\Elements\TextElements\TextElement.cpp">
      <Filter>Source Files</Filter>
    </ClCompile>
    <ClCompile Include="Src\UI\Managers\FontManager.cpp">
      <Filter>Source Files</Filter>
    </ClCompile>
    <ClCompile Include="Src\UI\Elements\TextElements\TimerElement.cpp">
      <Filter>Source Files</Filter>
    </ClCompile>
    <ClCompile Include="Src\UI\Events\TimerEvent.cpp">
      <Filter>Source Files</Filter>
    </ClCompile>
    <ClCompile Include="Src\Events\StateChangeEvent.cpp">
      <Filter>Source Files</Filter>
    </ClCompile>
    <ClCompile Include="Src\UI\Elements\ButtonElements\MainMenuButtonElement.cpp">
      <Filter>Source Files</Filter>
    </ClCompile>
    <ClCompile Include="Src\UI\Elements\TextElements\StatElement.cpp">
      <Filter>Source Files</Filter>
    </ClCompile>
    <ClCompile Include="Src\UI\Events\StatDisplayEvent.cpp">
      <Filter>Source Files</Filter>
    </ClCompile>
    <ClCompile Include="Src\Game\Components\Sprite\GunfireSpriteComponent.cpp">
      <Filter>Source Files</Filter>
    </ClCompile>
  </ItemGroup>
  <ItemGroup>
    <ClInclude Include="Src\Game\Game.hpp">
      <Filter>Header Files</Filter>
    </ClInclude>
    <ClInclude Include="Src\Game\Managers\AIManager.hpp">
      <Filter>Header Files</Filter>
    </ClInclude>
    <ClInclude Include="Src\Game\Managers\ArenaManager.hpp">
      <Filter>Header Files</Filter>
    </ClInclude>
    <ClInclude Include="Src\Program.hpp">
      <Filter>Header Files</Filter>
    </ClInclude>
    <ClInclude Include="Src\GeneralManagers\TextureManager.hpp">
      <Filter>Header Files</Filter>
    </ClInclude>
    <ClInclude Include="Src\ProgramUtils\Scale.hpp">
      <Filter>Header Files</Filter>
    </ClInclude>
    <ClInclude Include="Src\Game\Managers.hpp">
      <Filter>Header Files</Filter>
    </ClInclude>
    <ClInclude Include="Src\Game\Components.hpp">
      <Filter>Header Files</Filter>
    </ClInclude>
    <ClInclude Include="Src\Game\SpawnEntity.hpp">
      <Filter>Header Files</Filter>
    </ClInclude>
    <ClInclude Include="Src\Game\Systems.hpp">
      <Filter>Header Files</Filter>
    </ClInclude>
    <ClInclude Include="Src\Game\Systems\System.hpp">
      <Filter>Header Files</Filter>
    </ClInclude>
    <ClInclude Include="Src\Game\Managers\SystemManager.hpp">
      <Filter>Header Files</Filter>
    </ClInclude>
    <ClInclude Include="Src\ProgramUtils.hpp">
      <Filter>Header Files</Filter>
    </ClInclude>
    <ClInclude Include="Src\Game\Systems\SpriteSystem.hpp">
      <Filter>Header Files</Filter>
    </ClInclude>
    <ClInclude Include="Src\ProgramUtils\ProgramInfo.hpp">
      <Filter>Header Files</Filter>
    </ClInclude>
    <ClInclude Include="Src\Game\Components\Sprite\TankSpriteComponent.hpp">
      <Filter>Header Files</Filter>
    </ClInclude>
    <ClInclude Include="Src\Game\Components\Transform\TankTransformComponent.hpp">
      <Filter>Header Files</Filter>
    </ClInclude>
    <ClInclude Include="Src\Game\Components\Control\PlayerControlComponent.hpp">
      <Filter>Header Files</Filter>
    </ClInclude>
    <ClInclude Include="Src\Game\Systems\InputSystem.hpp">
      <Filter>Header Files</Filter>
    </ClInclude>
    <ClInclude Include="Src\Game\Systems\MovementSystem.hpp">
      <Filter>Header Files</Filter>
    </ClInclude>
    <ClInclude Include="Src\ProgramUtils\MinorUtils.hpp">
      <Filter>Header Files</Filter>
    </ClInclude>
    <ClInclude Include="Src\Game\Components\Arena\LevelComponent.hpp">
      <Filter>Header Files</Filter>
    </ClInclude>
    <ClInclude Include="Src\Game\Components\Sprite\LevelSpriteComponent.hpp">
      <Filter>Header Files</Filter>
    </ClInclude>
    <ClInclude Include="Src\Game\Managers\CameraManager.hpp">
      <Filter>Header Files</Filter>
    </ClInclude>
    <ClInclude Include="Src\Game\Events.hpp">
      <Filter>Header Files</Filter>
    </ClInclude>
    <ClInclude Include="Src\Game\Components\Collider\TankColliderComponent.hpp">
      <Filter>Header Files</Filter>
    </ClInclude>
    <ClInclude Include="Src\Game\Systems\CollisionSystem.hpp">
      <Filter>Header Files</Filter>
    </ClInclude>
    <ClInclude Include="Src\UI\Elements.hpp">
      <Filter>Header Files</Filter>
    </ClInclude>
    <ClInclude Include="Src\UI\Elements\CursorElement.hpp">
      <Filter>Header Files</Filter>
    </ClInclude>
    <ClInclude Include="Src\UI\UI.hpp">
      <Filter>Header Files</Filter>
    </ClInclude>
    <ClInclude Include="Src\UI\Managers\ElementManager.hpp">
      <Filter>Header Files</Filter>
    </ClInclude>
    <ClInclude Include="Src\UI\Elements\Element.hpp">
      <Filter>Header Files</Filter>
    </ClInclude>
    <ClInclude Include="Src\UI\Managers.hpp">
      <Filter>Header Files</Filter>
    </ClInclude>
    <ClInclude Include="Src\Game\Events\SpriteRescaleEvent.hpp">
      <Filter>Header Files</Filter>
    </ClInclude>
    <ClInclude Include="Src\Events.hpp">
      <Filter>Header Files</Filter>
    </ClInclude>
    <ClInclude Include="Src\Events\WindowResizedEvent.hpp">
      <Filter>Header Files</Filter>
    </ClInclude>
    <ClInclude Include="Src\Game\Systems\TurretSystem.hpp">
      <Filter>Header Files</Filter>
    </ClInclude>
    <ClInclude Include="Src\Game\Components\Tank\TurretComponent.hpp">
      <Filter>Header Files</Filter>
    </ClInclude>
    <ClInclude Include="Src\Game\Components\Sprite\ProjectileSpriteComponent.hpp">
      <Filter>Header Files</Filter>
    </ClInclude>
    <ClInclude Include="Src\Game\Components\Transform\ProjectileTransformComponent.hpp">
      <Filter>Header Files</Filter>
    </ClInclude>
    <ClInclude Include="Src\Game\Components\Tank\ProjectileComponent.hpp">
      <Filter>Header Files</Filter>
    </ClInclude>
    <ClInclude Include="Src\Game\Systems\ProjectileSystem.hpp">
      <Filter>Header Files</Filter>
    </ClInclude>
    <ClInclude Include="Src\Events\InGameCursorEvent.hpp">
      <Filter>Header Files</Filter>
    </ClInclude>
    <ClInclude Include="Src\Game\Systems\CrosshairSystem.hpp">
      <Filter>Header Files</Filter>
    </ClInclude>
    <ClInclude Include="Src\Game\Systems\HUDSystem.hpp">
      <Filter>Header Files</Filter>
    </ClInclude>
    <ClInclude Include="Src\Game\Components\Arena\HUDComponent.hpp">
      <Filter>Header Files</Filter>
    </ClInclude>
    <ClInclude Include="Src\Events\GameSettingEvent.hpp">
      <Filter>Header Files</Filter>
    </ClInclude>
    <ClInclude Include="Src\Game\Components\Control\AIControlComponent.hpp">
      <Filter>Header Files</Filter>
    </ClInclude>
    <ClInclude Include="Src\Game\AI\AIProcessData.hpp">
      <Filter>Header Files</Filter>
    </ClInclude>
    <ClInclude Include="Src\Game\AI\AIProcessor.hpp">
      <Filter>Header Files</Filter>
    </ClInclude>
    <ClInclude Include="Src\Game\Components\Control\BaseControlComponent.hpp">
      <Filter>Header Files</Filter>
    </ClInclude>
    <ClInclude Include="Src\Game\AI\AIHandle.hpp">
      <Filter>Header Files</Filter>
    </ClInclude>
    <ClInclude Include="Src\Game\Components\Tank\HealthComponent.hpp">
      <Filter>Header Files</Filter>
    </ClInclude>
    <ClInclude Include="Src\Events\UISettingEvent.hpp">
      <Filter>Header Files</Filter>
    </ClInclude>
    <ClInclude Include="Src\UI\Elements\SpriteElement.hpp">
      <Filter>Header Files</Filter>
    </ClInclude>
    <ClInclude Include="Src\UI\Events\UIRescaleEvent.hpp">
      <Filter>Header Files</Filter>
    </ClInclude>
    <ClInclude Include="Src\UI\Events.hpp">
      <Filter>Header Files</Filter>
    </ClInclude>
    <ClInclude Include="Src\UI\Elements\ButtonElements\ButtonElement.hpp">
      <Filter>Header Files</Filter>
    </ClInclude>
    <ClInclude Include="Src\UI\Managers\InputManager.hpp">
      <Filter>Header Files</Filter>
    </ClInclude>
    <ClInclude Include="Src\UI\Elements\ButtonElements\PlayButtonElement.hpp">
      <Filter>Header Files</Filter>
    </ClInclude>
    <ClInclude Include="Src\UI\Events\InputEvent.hpp">
      <Filter>Header Files</Filter>
    </ClInclude>
    <ClInclude Include="Src\UI\Elements\ButtonElements\HowToPlayButtonElement.hpp">
      <Filter>Header Files</Filter>
    </ClInclude>
    <ClInclude Include="Src\Game\Components\Arena\EndGameComponent.hpp">
      <Filter>Header Files</Filter>
    </ClInclude>
    <ClInclude Include="Src\Game\Systems\EndGameSystem.hpp">
      <Filter>Header Files</Filter>
    </ClInclude>
    <ClInclude Include="Src\UI\Elements\ButtonElements\ExitButtonElement.hpp">
      <Filter>Header Files</Filter>
    </ClInclude>
    <ClInclude Include="Src\UI\Elements\TextElements\TextElement.hpp">
      <Filter>Header Files</Filter>
    </ClInclude>
    <ClInclude Include="Src\UI\Managers\FontManager.hpp">
      <Filter>Header Files</Filter>
    </ClInclude>
    <ClInclude Include="Src\UI\Elements\TextElements\TimerElement.hpp">
      <Filter>Header Files</Filter>
    </ClInclude>
    <ClInclude Include="Src\UI\Events\TimerEvent.hpp">
      <Filter>Header Files</Filter>
    </ClInclude>
    <ClInclude Include="Src\Events\StateChangeEvent.hpp">
      <Filter>Header Files</Filter>
    </ClInclude>
    <ClInclude Include="Src\Game\Components\Arena\GameStatsComponent.hpp">
      <Filter>Header Files</Filter>
    </ClInclude>
    <ClInclude Include="Src\UI\Elements\ButtonElements\MainMenuButtonElement.hpp">
      <Filter>Header Files</Filter>
    </ClInclude>
    <ClInclude Include="Src\UI\Elements\TextElements\StatElement.hpp">
      <Filter>Header Files</Filter>
    </ClInclude>
    <ClInclude Include="Src\UI\Events\StatDisplayEvent.hpp">
      <Filter>Header Files</Filter>
    </ClInclude>
    <ClInclude Include="Src\Game\Components\Sprite\GunfireSpriteComponent.hpp">
      <Filter>Header Files</Filter>
    </ClInclude>
  </ItemGroup>
  <ItemGroup>
    <None Include="Assets\Enemies\normal\info.json" />
    <None Include="Data\Player\player_default\info.json" />
    <None Include="Data\Enemies\enemy_normal\info.json" />
  </ItemGroup>
</Project>